{
  "name": "crm-cli",
  "version": "1.3.4",
  "lockfileVersion": 1,
  "requires": true,
  "dependencies": {
    "ansi-colors": {
      "version": "3.2.1",
      "resolved": "https://registry.npmjs.org/ansi-colors/-/ansi-colors-3.2.1.tgz",
      "integrity": "sha1-ljgEfkIT80KKEZRKfUsxy6Cj/5U="
    },
    "cli-table": {
      "version": "0.3.1",
      "resolved": "https://registry.npmjs.org/cli-table/-/cli-table-0.3.1.tgz",
      "integrity": "sha1-9TsFJmqLGguTSz0IIebi3FkUriM=",
      "requires": {
        "colors": "1.0.3"
      }
    },
    "colors": {
      "version": "1.0.3",
      "resolved": "https://registry.npmjs.org/colors/-/colors-1.0.3.tgz",
      "integrity": "sha1-BDP0TYCWgP3rYO0mDxsMJi6CpAs="
    },
    "enquirer": {
      "version": "2.0.4",
      "resolved": "https://registry.npmjs.org/enquirer/-/enquirer-2.0.4.tgz",
      "integrity": "sha512-uex/4lHw6uIbOwHL0H9Uq3D4tsvBF9qPVJ0mo4XsFVWnCKMyIbfXORsKRE6Dy0DU6wa0ZpATTjOpH0jIQegQMA==",
      "requires": {
        "ansi-colors": "^3.2.1"
      }
    },
    "fuse.js": {
      "version": "3.3.0",
      "resolved": "https://registry.npmjs.org/fuse.js/-/fuse.js-3.3.0.tgz",
      "integrity": "sha512-ESBRkGLWMuVkapqYCcNO1uqMg5qbCKkgb+VS6wsy17Rix0/cMS9kSOZoYkjH8Ko//pgJ/EEGu0GTjk2mjX2LGQ=="
    },
    "moment": {
      "version": "2.22.2",
      "resolved": "https://registry.npmjs.org/moment/-/moment-2.22.2.tgz",
      "integrity": "sha1-PCV/mDn8DpP/UxSWMiOeuQeD/2Y="
    },
    "os-tmpdir": {
      "version": "1.0.2",
      "resolved": "http://registry.npmjs.org/os-tmpdir/-/os-tmpdir-1.0.2.tgz",
      "integrity": "sha1-u+Z0BseaqFxc/sdm/lc0VV36EnQ="
    },
    "tmp": {
      "version": "0.0.33",
      "resolved": "https://registry.npmjs.org/tmp/-/tmp-0.0.33.tgz",
      "integrity": "sha512-jRCJlojKnZ3addtTOjdIqoRuPEKBvNXcGYqzO6zWZX8KfKEpnGY5jfggJQ3EjKuu8D4bJRr0y+cYJFmYbImXGw==",
      "requires": {
        "os-tmpdir": "~1.0.2"
      }
    }
  }
}
